
Microsoft Visual Studio Solution File, Format Version 12.00
# Visual Studio 15
VisualStudioVersion = 15.0.26124.0
MinimumVisualStudioVersion = 15.0.26124.0
Project("{FAE04EC0-301F-11D3-BF4B-00C04F79EFBC}") = "Domain", "Domain\Domain.csproj", "{ED9BB29B-0BEC-4E97-B30B-C2C1CCBA196C}"
EndProject
Project("{FAE04EC0-301F-11D3-BF4B-00C04F79EFBC}") = "Application", "Application\Application.csproj", "{7F0728CA-BFE2-41CD-A3F2-3AE25F2ED537}"
EndProject
Project("{FAE04EC0-301F-11D3-BF4B-00C04F79EFBC}") = "Persistence", "Persistence\Persistence.csproj", "{1BC9F0AA-3D71-4187-8FBF-21B54304B66A}"
EndProject
Project("{FAE04EC0-301F-11D3-BF4B-00C04F79EFBC}") = "API", "API\API.csproj", "{14B378D4-EB8D-439B-99F7-8493294E575A}"
EndProject
Global
	GlobalSection(SolutionConfigurationPlatforms) = preSolution
		Debug|Any CPU = Debug|Any CPU
		Debug|x64 = Debug|x64
		Debug|x86 = Debug|x86
		Release|Any CPU = Release|Any CPU
		Release|x64 = Release|x64
		Release|x86 = Release|x86
	EndGlobalSection
	GlobalSection(SolutionProperties) = preSolution
		HideSolutionNode = FALSE
	EndGlobalSection
	GlobalSection(ProjectConfigurationPlatforms) = postSolution
		{ED9BB29B-0BEC-4E97-B30B-C2C1CCBA196C}.Debug|Any CPU.ActiveCfg = Debug|Any CPU
		{ED9BB29B-0BEC-4E97-B30B-C2C1CCBA196C}.Debug|Any CPU.Build.0 = Debug|Any CPU
		{ED9BB29B-0BEC-4E97-B30B-C2C1CCBA196C}.Debug|x64.ActiveCfg = Debug|Any CPU
		{ED9BB29B-0BEC-4E97-B30B-C2C1CCBA196C}.Debug|x64.Build.0 = Debug|Any CPU
		{ED9BB29B-0BEC-4E97-B30B-C2C1CCBA196C}.Debug|x86.ActiveCfg = Debug|Any CPU
		{ED9BB29B-0BEC-4E97-B30B-C2C1CCBA196C}.Debug|x86.Build.0 = Debug|Any CPU
		{ED9BB29B-0BEC-4E97-B30B-C2C1CCBA196C}.Release|Any CPU.ActiveCfg = Release|Any CPU
		{ED9BB29B-0BEC-4E97-B30B-C2C1CCBA196C}.Release|Any CPU.Build.0 = Release|Any CPU
		{ED9BB29B-0BEC-4E97-B30B-C2C1CCBA196C}.Release|x64.ActiveCfg = Release|Any CPU
		{ED9BB29B-0BEC-4E97-B30B-C2C1CCBA196C}.Release|x64.Build.0 = Release|Any CPU
		{ED9BB29B-0BEC-4E97-B30B-C2C1CCBA196C}.Release|x86.ActiveCfg = Release|Any CPU
		{ED9BB29B-0BEC-4E97-B30B-C2C1CCBA196C}.Release|x86.Build.0 = Release|Any CPU
		{7F0728CA-BFE2-41CD-A3F2-3AE25F2ED537}.Debug|Any CPU.ActiveCfg = Debug|Any CPU
		{7F0728CA-BFE2-41CD-A3F2-3AE25F2ED537}.Debug|Any CPU.Build.0 = Debug|Any CPU
		{7F0728CA-BFE2-41CD-A3F2-3AE25F2ED537}.Debug|x64.ActiveCfg = Debug|Any CPU
		{7F0728CA-BFE2-41CD-A3F2-3AE25F2ED537}.Debug|x64.Build.0 = Debug|Any CPU
		{7F0728CA-BFE2-41CD-A3F2-3AE25F2ED537}.Debug|x86.ActiveCfg = Debug|Any CPU
		{7F0728CA-BFE2-41CD-A3F2-3AE25F2ED537}.Debug|x86.Build.0 = Debug|Any CPU
		{7F0728CA-BFE2-41CD-A3F2-3AE25F2ED537}.Release|Any CPU.ActiveCfg = Release|Any CPU
		{7F0728CA-BFE2-41CD-A3F2-3AE25F2ED537}.Release|Any CPU.Build.0 = Release|Any CPU
		{7F0728CA-BFE2-41CD-A3F2-3AE25F2ED537}.Release|x64.ActiveCfg = Release|Any CPU
		{7F0728CA-BFE2-41CD-A3F2-3AE25F2ED537}.Release|x64.Build.0 = Release|Any CPU
		{7F0728CA-BFE2-41CD-A3F2-3AE25F2ED537}.Release|x86.ActiveCfg = Release|Any CPU
		{7F0728CA-BFE2-41CD-A3F2-3AE25F2ED537}.Release|x86.Build.0 = Release|Any CPU
		{1BC9F0AA-3D71-4187-8FBF-21B54304B66A}.Debug|Any CPU.ActiveCfg = Debug|Any CPU
		{1BC9F0AA-3D71-4187-8FBF-21B54304B66A}.Debug|Any CPU.Build.0 = Debug|Any CPU
		{1BC9F0AA-3D71-4187-8FBF-21B54304B66A}.Debug|x64.ActiveCfg = Debug|Any CPU
		{1BC9F0AA-3D71-4187-8FBF-21B54304B66A}.Debug|x64.Build.0 = Debug|Any CPU
		{1BC9F0AA-3D71-4187-8FBF-21B54304B66A}.Debug|x86.ActiveCfg = Debug|Any CPU
		{1BC9F0AA-3D71-4187-8FBF-21B54304B66A}.Debug|x86.Build.0 = Debug|Any CPU
		{1BC9F0AA-3D71-4187-8FBF-21B54304B66A}.Release|Any CPU.ActiveCfg = Release|Any CPU
		{1BC9F0AA-3D71-4187-8FBF-21B54304B66A}.Release|Any CPU.Build.0 = Release|Any CPU
		{1BC9F0AA-3D71-4187-8FBF-21B54304B66A}.Release|x64.ActiveCfg = Release|Any CPU
		{1BC9F0AA-3D71-4187-8FBF-21B54304B66A}.Release|x64.Build.0 = Release|Any CPU
		{1BC9F0AA-3D71-4187-8FBF-21B54304B66A}.Release|x86.ActiveCfg = Release|Any CPU
		{1BC9F0AA-3D71-4187-8FBF-21B54304B66A}.Release|x86.Build.0 = Release|Any CPU
		{14B378D4-EB8D-439B-99F7-8493294E575A}.Debug|Any CPU.ActiveCfg = Debug|Any CPU
		{14B378D4-EB8D-439B-99F7-8493294E575A}.Debug|Any CPU.Build.0 = Debug|Any CPU
		{14B378D4-EB8D-439B-99F7-8493294E575A}.Debug|x64.ActiveCfg = Debug|Any CPU
		{14B378D4-EB8D-439B-99F7-8493294E575A}.Debug|x64.Build.0 = Debug|Any CPU
		{14B378D4-EB8D-439B-99F7-8493294E575A}.Debug|x86.ActiveCfg = Debug|Any CPU
		{14B378D4-EB8D-439B-99F7-8493294E575A}.Debug|x86.Build.0 = Debug|Any CPU
		{14B378D4-EB8D-439B-99F7-8493294E575A}.Release|Any CPU.ActiveCfg = Release|Any CPU
		{14B378D4-EB8D-439B-99F7-8493294E575A}.Release|Any CPU.Build.0 = Release|Any CPU
		{14B378D4-EB8D-439B-99F7-8493294E575A}.Release|x64.ActiveCfg = Release|Any CPU
		{14B378D4-EB8D-439B-99F7-8493294E575A}.Release|x64.Build.0 = Release|Any CPU
		{14B378D4-EB8D-439B-99F7-8493294E575A}.Release|x86.ActiveCfg = Release|Any CPU
		{14B378D4-EB8D-439B-99F7-8493294E575A}.Release|x86.Build.0 = Release|Any CPU
	EndGlobalSection
EndGlobal
